// !$*UTF8*$!
{
	archiveVersion = 1;
	classes = {
	};
	objectVersion = 46;
	objects = {

/* Begin PBXBuildFile section */
		8402CD841B0AF3BC00115AA0 /* libLunar.a in Frameworks */ = {isa = PBXBuildFile; fileRef = 8402CD781B0AF3BB00115AA0 /* libLunar.a */; };
		8402CD931B0AF40600115AA0 /* CCommandTest.swift in Sources */ = {isa = PBXBuildFile; fileRef = 8402CD921B0AF40600115AA0 /* CCommandTest.swift */; };
		8402CD951B0AF43E00115AA0 /* CRegistry.swift in Sources */ = {isa = PBXBuildFile; fileRef = 8402CD941B0AF43E00115AA0 /* CRegistry.swift */; };
		8402CD971B0AF4C700115AA0 /* CCommand.swift in Sources */ = {isa = PBXBuildFile; fileRef = 8402CD961B0AF4C700115AA0 /* CCommand.swift */; };
		8402CD991B0AF89300115AA0 /* CommandListOptions.swift in Sources */ = {isa = PBXBuildFile; fileRef = 8402CD981B0AF89300115AA0 /* CommandListOptions.swift */; };
		8402CD9D1B0B04B600115AA0 /* CRegistryTest.swift in Sources */ = {isa = PBXBuildFile; fileRef = 8402CD9C1B0B04B600115AA0 /* CRegistryTest.swift */; };
		8402CD9E1B0B06CA00115AA0 /* CRegistry.swift in Sources */ = {isa = PBXBuildFile; fileRef = 8402CD941B0AF43E00115AA0 /* CRegistry.swift */; };
		8402CD9F1B0B06CD00115AA0 /* CCommand.swift in Sources */ = {isa = PBXBuildFile; fileRef = 8402CD961B0AF4C700115AA0 /* CCommand.swift */; };
		8402CDA01B0B06D000115AA0 /* CommandListOptions.swift in Sources */ = {isa = PBXBuildFile; fileRef = 8402CD981B0AF89300115AA0 /* CommandListOptions.swift */; };
/* End PBXBuildFile section */

/* Begin PBXContainerItemProxy section */
		8402CD851B0AF3BC00115AA0 /* PBXContainerItemProxy */ = {
			isa = PBXContainerItemProxy;
			containerPortal = 8402CD701B0AF3BB00115AA0 /* Project object */;
			proxyType = 1;
			remoteGlobalIDString = 8402CD771B0AF3BB00115AA0;
			remoteInfo = Lunar;
		};
/* End PBXContainerItemProxy section */

/* Begin PBXCopyFilesBuildPhase section */
		8402CD761B0AF3BB00115AA0 /* CopyFiles */ = {
			isa = PBXCopyFilesBuildPhase;
			buildActionMask = 2147483647;
			dstPath = "include/$(PRODUCT_NAME)";
			dstSubfolderSpec = 16;
			files = (
			);
			runOnlyForDeploymentPostprocessing = 0;
		};
/* End PBXCopyFilesBuildPhase section */

/* Begin PBXFileReference section */
		8402CD781B0AF3BB00115AA0 /* libLunar.a */ = {isa = PBXFileReference; explicitFileType = archive.ar; includeInIndex = 0; path = libLunar.a; sourceTree = BUILT_PRODUCTS_DIR; };
		8402CD831B0AF3BC00115AA0 /* LunarTests.xctest */ = {isa = PBXFileReference; explicitFileType = wrapper.cfbundle; includeInIndex = 0; path = LunarTests.xctest; sourceTree = BUILT_PRODUCTS_DIR; };
		8402CD891B0AF3BC00115AA0 /* Info.plist */ = {isa = PBXFileReference; lastKnownFileType = text.plist.xml; path = Info.plist; sourceTree = "<group>"; };
		8402CD921B0AF40600115AA0 /* CCommandTest.swift */ = {isa = PBXFileReference; fileEncoding = 4; lastKnownFileType = sourcecode.swift; path = CCommandTest.swift; sourceTree = "<group>"; };
		8402CD941B0AF43E00115AA0 /* CRegistry.swift */ = {isa = PBXFileReference; fileEncoding = 4; lastKnownFileType = sourcecode.swift; path = CRegistry.swift; sourceTree = SOURCE_ROOT; };
		8402CD961B0AF4C700115AA0 /* CCommand.swift */ = {isa = PBXFileReference; fileEncoding = 4; lastKnownFileType = sourcecode.swift; path = CCommand.swift; sourceTree = SOURCE_ROOT; };
		8402CD981B0AF89300115AA0 /* CommandListOptions.swift */ = {isa = PBXFileReference; fileEncoding = 4; lastKnownFileType = sourcecode.swift; path = CommandListOptions.swift; sourceTree = SOURCE_ROOT; };
		8402CD9C1B0B04B600115AA0 /* CRegistryTest.swift */ = {isa = PBXFileReference; fileEncoding = 4; lastKnownFileType = sourcecode.swift; path = CRegistryTest.swift; sourceTree = "<group>"; };
/* End PBXFileReference section */

/* Begin PBXFrameworksBuildPhase section */
		8402CD751B0AF3BB00115AA0 /* Frameworks */ = {
			isa = PBXFrameworksBuildPhase;
			buildActionMask = 2147483647;
			files = (
			);
			runOnlyForDeploymentPostprocessing = 0;
		};
		8402CD801B0AF3BC00115AA0 /* Frameworks */ = {
			isa = PBXFrameworksBuildPhase;
			buildActionMask = 2147483647;
			files = (
				8402CD841B0AF3BC00115AA0 /* libLunar.a in Frameworks */,
			);
			runOnlyForDeploymentPostprocessing = 0;
		};
/* End PBXFrameworksBuildPhase section */

/* Begin PBXGroup section */
		8402CD6F1B0AF3BB00115AA0 = {
			isa = PBXGroup;
			children = (
				8402CD7A1B0AF3BB00115AA0 /* Lunar */,
				8402CD871B0AF3BC00115AA0 /* LunarTests */,
				8402CD791B0AF3BB00115AA0 /* Products */,
			);
			sourceTree = "<group>";
		};
		8402CD791B0AF3BB00115AA0 /* Products */ = {
			isa = PBXGroup;
			children = (
				8402CD781B0AF3BB00115AA0 /* libLunar.a */,
				8402CD831B0AF3BC00115AA0 /* LunarTests.xctest */,
			);
			name = Products;
			sourceTree = "<group>";
		};
		8402CD7A1B0AF3BB00115AA0 /* Lunar */ = {
			isa = PBXGroup;
			children = (
				8402CD941B0AF43E00115AA0 /* CRegistry.swift */,
				8402CD961B0AF4C700115AA0 /* CCommand.swift */,
				8402CD981B0AF89300115AA0 /* CommandListOptions.swift */,
			);
			path = Lunar;
			sourceTree = "<group>";
		};
		8402CD871B0AF3BC00115AA0 /* LunarTests */ = {
			isa = PBXGroup;
			children = (
				8402CD881B0AF3BC00115AA0 /* Supporting Files */,
				8402CD921B0AF40600115AA0 /* CCommandTest.swift */,
				8402CD9C1B0B04B600115AA0 /* CRegistryTest.swift */,
			);
			path = LunarTests;
			sourceTree = "<group>";
		};
		8402CD881B0AF3BC00115AA0 /* Supporting Files */ = {
			isa = PBXGroup;
			children = (
				8402CD891B0AF3BC00115AA0 /* Info.plist */,
			);
			name = "Supporting Files";
			sourceTree = "<group>";
		};
/* End PBXGroup section */

/* Begin PBXNativeTarget section */
		8402CD771B0AF3BB00115AA0 /* Lunar */ = {
			isa = PBXNativeTarget;
			buildConfigurationList = 8402CD8C1B0AF3BC00115AA0 /* Build configuration list for PBXNativeTarget "Lunar" */;
			buildPhases = (
				8402CD741B0AF3BB00115AA0 /* Sources */,
				8402CD751B0AF3BB00115AA0 /* Frameworks */,
				8402CD761B0AF3BB00115AA0 /* CopyFiles */,
			);
			buildRules = (
			);
			dependencies = (
			);
			name = Lunar;
			productName = Lunar;
			productReference = 8402CD781B0AF3BB00115AA0 /* libLunar.a */;
			productType = "com.apple.product-type.library.static";
		};
		8402CD821B0AF3BC00115AA0 /* LunarTests */ = {
			isa = PBXNativeTarget;
			buildConfigurationList = 8402CD8F1B0AF3BC00115AA0 /* Build configuration list for PBXNativeTarget "LunarTests" */;
			buildPhases = (
				8402CD7F1B0AF3BC00115AA0 /* Sources */,
				8402CD801B0AF3BC00115AA0 /* Frameworks */,
				8402CD811B0AF3BC00115AA0 /* Resources */,
			);
			buildRules = (
			);
			dependencies = (
				8402CD861B0AF3BC00115AA0 /* PBXTargetDependency */,
			);
			name = LunarTests;
			productName = LunarTests;
			productReference = 8402CD831B0AF3BC00115AA0 /* LunarTests.xctest */;
			productType = "com.apple.product-type.bundle.unit-test";
		};
/* End PBXNativeTarget section */

/* Begin PBXProject section */
		8402CD701B0AF3BB00115AA0 /* Project object */ = {
			isa = PBXProject;
			attributes = {
				LastUpgradeCheck = 0630;
				ORGANIZATIONNAME = "Space Madness";
				TargetAttributes = {
					8402CD771B0AF3BB00115AA0 = {
						CreatedOnToolsVersion = 6.3.1;
					};
					8402CD821B0AF3BC00115AA0 = {
						CreatedOnToolsVersion = 6.3.1;
					};
				};
			};
			buildConfigurationList = 8402CD731B0AF3BB00115AA0 /* Build configuration list for PBXProject "Lunar" */;
			compatibilityVersion = "Xcode 3.2";
			developmentRegion = English;
			hasScannedForEncodings = 0;
			knownRegions = (
				en,
			);
			mainGroup = 8402CD6F1B0AF3BB00115AA0;
			productRefGroup = 8402CD791B0AF3BB00115AA0 /* Products */;
			projectDirPath = "";
			projectRoot = "";
			targets = (
				8402CD771B0AF3BB00115AA0 /* Lunar */,
				8402CD821B0AF3BC00115AA0 /* LunarTests */,
			);
		};
/* End PBXProject section */

/* Begin PBXResourcesBuildPhase section */
		8402CD811B0AF3BC00115AA0 /* Resources */ = {
			isa = PBXResourcesBuildPhase;
			buildActionMask = 2147483647;
			files = (
			);
			runOnlyForDeploymentPostprocessing = 0;
		};
/* End PBXResourcesBuildPhase section */

/* Begin PBXSourcesBuildPhase section */
		8402CD741B0AF3BB00115AA0 /* Sources */ = {
			isa = PBXSourcesBuildPhase;
			buildActionMask = 2147483647;
			files = (
				8402CD991B0AF89300115AA0 /* CommandListOptions.swift in Sources */,
				8402CD951B0AF43E00115AA0 /* CRegistry.swift in Sources */,
				8402CD971B0AF4C700115AA0 /* CCommand.swift in Sources */,
			);
			runOnlyForDeploymentPostprocessing = 0;
		};
		8402CD7F1B0AF3BC00115AA0 /* Sources */ = {
			isa = PBXSourcesBuildPhase;
			buildActionMask = 2147483647;
			files = (
				8402CD9D1B0B04B600115AA0 /* CRegistryTest.swift in Sources */,
				8402CD931B0AF40600115AA0 /* CCommandTest.swift in Sources */,
				8402CD9E1B0B06CA00115AA0 /* CRegistry.swift in Sources */,
				8402CDA01B0B06D000115AA0 /* CommandListOptions.swift in Sources */,
				8402CD9F1B0B06CD00115AA0 /* CCommand.swift in Sources */,
			);
			runOnlyForDeploymentPostprocessing = 0;
		};
/* End PBXSourcesBuildPhase section */

/* Begin PBXTargetDependency section */
		8402CD861B0AF3BC00115AA0 /* PBXTargetDependency */ = {
			isa = PBXTargetDependency;
			target = 8402CD771B0AF3BB00115AA0 /* Lunar */;
			targetProxy = 8402CD851B0AF3BC00115AA0 /* PBXContainerItemProxy */;
		};
/* End PBXTargetDependency section */

/* Begin XCBuildConfiguration section */
		8402CD8A1B0AF3BC00115AA0 /* Debug */ = {
			isa = XCBuildConfiguration;
			buildSettings = {
				ALWAYS_SEARCH_USER_PATHS = NO;
				CLANG_CXX_LANGUAGE_STANDARD = "gnu++0x";
				CLANG_CXX_LIBRARY = "libc++";
				CLANG_ENABLE_MODULES = YES;
				CLANG_ENABLE_OBJC_ARC = YES;
				CLANG_WARN_BOOL_CONVERSION = YES;
				CLANG_WARN_CONSTANT_CONVERSION = YES;
				CLANG_WARN_DIRECT_OBJC_ISA_USAGE = YES_ERROR;
				CLANG_WARN_EMPTY_BODY = YES;
				CLANG_WARN_ENUM_CONVERSION = YES;
				CLANG_WARN_INT_CONVERSION = YES;
				CLANG_WARN_OBJC_ROOT_CLASS = YES_ERROR;
				CLANG_WARN_UNREACHABLE_CODE = YES;
				CLANG_WARN__DUPLICATE_METHOD_MATCH = YES;
				COPY_PHASE_STRIP = NO;
				DEBUG_INFORMATION_FORMAT = "dwarf-with-dsym";
				ENABLE_STRICT_OBJC_MSGSEND = YES;
				GCC_C_LANGUAGE_STANDARD = gnu99;
				GCC_DYNAMIC_NO_PIC = NO;
				GCC_NO_COMMON_BLOCKS = YES;
				GCC_OPTIMIZATION_LEVEL = 0;
				GCC_PREPROCESSOR_DEFINITIONS = (
					"DEBUG=1",
					"$(inherited)",
				);
				GCC_SYMBOLS_PRIVATE_EXTERN = NO;
				GCC_WARN_64_TO_32_BIT_CONVERSION = YES;
				GCC_WARN_ABOUT_RETURN_TYPE = YES_ERROR;
				GCC_WARN_UNDECLARED_SELECTOR = YES;
				GCC_WARN_UNINITIALIZED_AUTOS = YES_AGGRESSIVE;
				GCC_WARN_UNUSED_FUNCTION = YES;
				GCC_WARN_UNUSED_VARIABLE = YES;
				IPHONEOS_DEPLOYMENT_TARGET = 7.0;
				MTL_ENABLE_DEBUG_INFO = YES;
				ONLY_ACTIVE_ARCH = YES;
				SDKROOT = iphoneos;
			};
			name = Debug;
		};
		8402CD8B1B0AF3BC00115AA0 /* Release */ = {
			isa = XCBuildConfiguration;
			buildSettings = {
				ALWAYS_SEARCH_USER_PATHS = NO;
				CLANG_CXX_LANGUAGE_STANDARD = "gnu++0x";
				CLANG_CXX_LIBRARY = "libc++";
				CLANG_ENABLE_MODULES = YES;
				CLANG_ENABLE_OBJC_ARC = YES;
				CLANG_WARN_BOOL_CONVERSION = YES;
				CLANG_WARN_CONSTANT_CONVERSION = YES;
				CLANG_WARN_DIRECT_OBJC_ISA_USAGE = YES_ERROR;
				CLANG_WARN_EMPTY_BODY = YES;
				CLANG_WARN_ENUM_CONVERSION = YES;
				CLANG_WARN_INT_CONVERSION = YES;
				CLANG_WARN_OBJC_ROOT_CLASS = YES_ERROR;
				CLANG_WARN_UNREACHABLE_CODE = YES;
				CLANG_WARN__DUPLICATE_METHOD_MATCH = YES;
				COPY_PHASE_STRIP = NO;
				DEBUG_INFORMATION_FORMAT = "dwarf-with-dsym";
				ENABLE_NS_ASSERTIONS = NO;
				ENABLE_STRICT_OBJC_MSGSEND = YES;
				GCC_C_LANGUAGE_STANDARD = gnu99;
				GCC_NO_COMMON_BLOCKS = YES;
				GCC_WARN_64_TO_32_BIT_CONVERSION = YES;
				GCC_WARN_ABOUT_RETURN_TYPE = YES_ERROR;
				GCC_WARN_UNDECLARED_SELECTOR = YES;
				GCC_WARN_UNINITIALIZED_AUTOS = YES_AGGRESSIVE;
				GCC_WARN_UNUSED_FUNCTION = YES;
				GCC_WARN_UNUSED_VARIABLE = YES;
				IPHONEOS_DEPLOYMENT_TARGET = 7.0;
				MTL_ENABLE_DEBUG_INFO = NO;
				SDKROOT = iphoneos;
				VALIDATE_PRODUCT = YES;
			};
			name = Release;
		};
		8402CD8D1B0AF3BC00115AA0 /* Debug */ = {
			isa = XCBuildConfiguration;
			buildSettings = {
				CLANG_ENABLE_MODULES = YES;
				LD_RUNPATH_SEARCH_PATHS = "$(inherited) @executable_path/Frameworks @loader_path/Frameworks";
				OTHER_LDFLAGS = "-ObjC";
				PRODUCT_NAME = "$(TARGET_NAME)";
				SKIP_INSTALL = YES;
				SWIFT_OPTIMIZATION_LEVEL = "-Onone";
			};
			name = Debug;
		};
		8402CD8E1B0AF3BC00115AA0 /* Release */ = {
			isa = XCBuildConfiguration;
			buildSettings = {
				CLANG_ENABLE_MODULES = YES;
				LD_RUNPATH_SEARCH_PATHS = "$(inherited) @executable_path/Frameworks @loader_path/Frameworks";
				OTHER_LDFLAGS = "-ObjC";
				PRODUCT_NAME = "$(TARGET_NAME)";
				SKIP_INSTALL = YES;
			};
			name = Release;
		};
		8402CD901B0AF3BC00115AA0 /* Debug */ = {
			isa = XCBuildConfiguration;
			buildSettings = {
				CLANG_ENABLE_MODULES = YES;
				"CODE_SIGN_IDENTITY[sdk=iphoneos*]" = "iPhone Developer";
				FRAMEWORK_SEARCH_PATHS = (
					"$(SDKROOT)/Developer/Library/Frameworks",
					"$(inherited)",
				);
				GCC_PREPROCESSOR_DEFINITIONS = (
					"DEBUG=1",
					"$(inherited)",
				);
				INFOPLIST_FILE = LunarTests/Info.plist;
				LD_RUNPATH_SEARCH_PATHS = "$(inherited) @executable_path/Frameworks @loader_path/Frameworks";
				PRODUCT_NAME = "$(TARGET_NAME)";
				SWIFT_OPTIMIZATION_LEVEL = "-Onone";
			};
			name = Debug;
		};
		8402CD911B0AF3BC00115AA0 /* Release */ = {
			isa = XCBuildConfiguration;
			buildSettings = {
				CLANG_ENABLE_MODULES = YES;
				"CODE_SIGN_IDENTITY[sdk=iphoneos*]" = "iPhone Developer";
				FRAMEWORK_SEARCH_PATHS = (
					"$(SDKROOT)/Developer/Library/Frameworks",
					"$(inherited)",
				);
				INFOPLIST_FILE = LunarTests/Info.plist;
				LD_RUNPATH_SEARCH_PATHS = "$(inherited) @executable_path/Frameworks @loader_path/Frameworks";
				PRODUCT_NAME = "$(TARGET_NAME)";
			};
			name = Release;
		};
/* End XCBuildConfiguration section */

/* Begin XCConfigurationList section */
		8402CD731B0AF3BB00115AA0 /* Build configuration list for PBXProject "Lunar" */ = {
			isa = XCConfigurationList;
			buildConfigurations = (
				8402CD8A1B0AF3BC00115AA0 /* Debug */,
				8402CD8B1B0AF3BC00115AA0 /* Release */,
			);
			defaultConfigurationIsVisible = 0;
			defaultConfigurationName = Release;
		};
		8402CD8C1B0AF3BC00115AA0 /* Build configuration list for PBXNativeTarget "Lunar" */ = {
			isa = XCConfigurationList;
			buildConfigurations = (
				8402CD8D1B0AF3BC00115AA0 /* Debug */,
				8402CD8E1B0AF3BC00115AA0 /* Release */,
			);
			defaultConfigurationIsVisible = 0;
			defaultConfigurationName = Release;
		};
		8402CD8F1B0AF3BC00115AA0 /* Build configuration list for PBXNativeTarget "LunarTests" */ = {
			isa = XCConfigurationList;
			buildConfigurations = (
				8402CD901B0AF3BC00115AA0 /* Debug */,
				8402CD911B0AF3BC00115AA0 /* Release */,
			);
			defaultConfigurationIsVisible = 0;
			defaultConfigurationName = Release;
		};
/* End XCConfigurationList section */
	};
	rootObject = 8402CD701B0AF3BB00115AA0 /* Project object */;
}
